
Microsoft Visual Studio Solution File, Format Version 12.00
# Visual Studio Express 2012 for Windows Desktop
Project("{8BC9CEB8-8B4A-11D0-8D11-00A0C91BC942}") = "drawing", "drawing.vcxproj", "{E319D63C-7F9B-4C4D-8781-0383C63744FA}"
EndProject
Global
	GlobalSection(SolutionConfigurationPlatforms) = preSolution
		Debug|Win32 = Debug|Win32
		Release|Win32 = Release|Win32
	EndGlobalSection
	GlobalSection(ProjectConfigurationPlatforms) = postSolution
		{E319D63C-7F9B-4C4D-8781-0383C63744FA}.Debug|Win32.ActiveCfg = Debug|Win32
		{E319D63C-7F9B-4C4D-8781-0383C63744FA}.Debug|Win32.Build.0 = Debug|Win32
		{E319D63C-7F9B-4C4D-8781-0383C63744FA}.Release|Win32.ActiveCfg = Release|Win32
		{E319D63C-7F9B-4C4D-8781-0383C63744FA}.Release|Win32.Build.0 = Release|Win32
	EndGlobalSection
	GlobalSection(SolutionProperties) = preSolution
		HideSolutionNode = FALSE
	EndGlobalSection
EndGlobal
