Microsoft Visual Studio Solution File, Format Version 11.00
# Visual C++ Express 2010
Project("{8BC9CEB8-8B4A-11D0-8D11-00A0C91BC942}") = "PeopleDetect", "PeopleDetect.vcxproj", "{7B95FDC9-EB40-4E9C-B4C2-8EC6870E80AB}"
EndProject
Global
	GlobalSection(SolutionConfigurationPlatforms) = preSolution
		Debug|Win32 = Debug|Win32
		Release|Win32 = Release|Win32
	EndGlobalSection
	GlobalSection(ProjectConfigurationPlatforms) = postSolution
		{7B95FDC9-EB40-4E9C-B4C2-8EC6870E80AB}.Debug|Win32.ActiveCfg = Debug|Win32
		{7B95FDC9-EB40-4E9C-B4C2-8EC6870E80AB}.Debug|Win32.Build.0 = Debug|Win32
		{7B95FDC9-EB40-4E9C-B4C2-8EC6870E80AB}.Release|Win32.ActiveCfg = Release|Win32
		{7B95FDC9-EB40-4E9C-B4C2-8EC6870E80AB}.Release|Win32.Build.0 = Release|Win32
	EndGlobalSection
	GlobalSection(SolutionProperties) = preSolution
		HideSolutionNode = FALSE
	EndGlobalSection
EndGlobal
